// !$*UTF8*$!
{
	archiveVersion = 1;
	classes = {
	};
	objectVersion = 56;
	objects = {

/* Begin PBXBuildFile section */
		4CECB3BE79BA4BC04B0BADCD /* Pods_SeSacStudy.framework in Frameworks */ = {isa = PBXBuildFile; fileRef = CBFC5E6B44EC8A69EEBAFB1D /* Pods_SeSacStudy.framework */; };
		D0100B462918C5CC00AEC5C2 /* AppDelegate.swift in Sources */ = {isa = PBXBuildFile; fileRef = D0100B452918C5CC00AEC5C2 /* AppDelegate.swift */; };
		D0100B482918C5CC00AEC5C2 /* SceneDelegate.swift in Sources */ = {isa = PBXBuildFile; fileRef = D0100B472918C5CC00AEC5C2 /* SceneDelegate.swift */; };
		D0100B4F2918C5CC00AEC5C2 /* Assets.xcassets in Resources */ = {isa = PBXBuildFile; fileRef = D0100B4E2918C5CC00AEC5C2 /* Assets.xcassets */; };
		D0100B522918C5CC00AEC5C2 /* LaunchScreen.storyboard in Resources */ = {isa = PBXBuildFile; fileRef = D0100B502918C5CC00AEC5C2 /* LaunchScreen.storyboard */; };
		D0100B5D2918CA7D00AEC5C2 /* RxCocoa in Frameworks */ = {isa = PBXBuildFile; productRef = D0100B5C2918CA7D00AEC5C2 /* RxCocoa */; };
		D0100B5F2918CA7D00AEC5C2 /* RxSwift in Frameworks */ = {isa = PBXBuildFile; productRef = D0100B5E2918CA7D00AEC5C2 /* RxSwift */; };
		D0100B622918CA9100AEC5C2 /* Then in Frameworks */ = {isa = PBXBuildFile; productRef = D0100B612918CA9100AEC5C2 /* Then */; };
		D0100B692918CB0800AEC5C2 /* IQKeyboardManagerSwift in Frameworks */ = {isa = PBXBuildFile; productRef = D0100B682918CB0800AEC5C2 /* IQKeyboardManagerSwift */; };
		D0100B6C2918CB1300AEC5C2 /* SnapKit in Frameworks */ = {isa = PBXBuildFile; productRef = D0100B6B2918CB1300AEC5C2 /* SnapKit */; };
		D0100B6F2918CB3500AEC5C2 /* Alamofire in Frameworks */ = {isa = PBXBuildFile; productRef = D0100B6E2918CB3500AEC5C2 /* Alamofire */; };
		D0165F11291B82BE00BBE042 /* FirebaseAuthManager.swift in Sources */ = {isa = PBXBuildFile; fileRef = D0165F10291B82BE00BBE042 /* FirebaseAuthManager.swift */; };
		D01D387E292370F700D7F577 /* SettingUserInfoTableViewCell.swift in Sources */ = {isa = PBXBuildFile; fileRef = D01D387D292370F700D7F577 /* SettingUserInfoTableViewCell.swift */; };
		D01D388029237BE600D7F577 /* WishStudyListView.swift in Sources */ = {isa = PBXBuildFile; fileRef = D01D387F29237BE600D7F577 /* WishStudyListView.swift */; };
		D01D38822923837400D7F577 /* CollectionviewProtocol.swift in Sources */ = {isa = PBXBuildFile; fileRef = D01D38812923837400D7F577 /* CollectionviewProtocol.swift */; };
		D01D3885292386A900D7F577 /* MyGenderView.swift in Sources */ = {isa = PBXBuildFile; fileRef = D01D3884292386A900D7F577 /* MyGenderView.swift */; };
		D01D38872923870200D7F577 /* FrequentStudyView.swift in Sources */ = {isa = PBXBuildFile; fileRef = D01D38862923870200D7F577 /* FrequentStudyView.swift */; };
		D01D38892923882F00D7F577 /* NumberSearchAvailabilityView.swift in Sources */ = {isa = PBXBuildFile; fileRef = D01D38882923882F00D7F577 /* NumberSearchAvailabilityView.swift */; };
		D01D388B2923885000D7F577 /* SearchAgeGroupView.swift in Sources */ = {isa = PBXBuildFile; fileRef = D01D388A2923885000D7F577 /* SearchAgeGroupView.swift */; };
		D01D388D2923887C00D7F577 /* WithdrawalView.swift in Sources */ = {isa = PBXBuildFile; fileRef = D01D388C2923887C00D7F577 /* WithdrawalView.swift */; };
		D023355E2918CE6C003C7225 /* UIColor+Extension.swift in Sources */ = {isa = PBXBuildFile; fileRef = D023355D2918CE6C003C7225 /* UIColor+Extension.swift */; };
		D02335652918D597003C7225 /* UserDefaultManager.swift in Sources */ = {isa = PBXBuildFile; fileRef = D02335642918D597003C7225 /* UserDefaultManager.swift */; };
		D02335682918D631003C7225 /* BaseViewController.swift in Sources */ = {isa = PBXBuildFile; fileRef = D02335672918D631003C7225 /* BaseViewController.swift */; };
		D023356A2918D652003C7225 /* BaseView.swift in Sources */ = {isa = PBXBuildFile; fileRef = D02335692918D652003C7225 /* BaseView.swift */; };
		D023356D2918D752003C7225 /* BasicButton.swift in Sources */ = {isa = PBXBuildFile; fileRef = D023356C2918D752003C7225 /* BasicButton.swift */; };
		D03BD00D29194C5400F79915 /* NSAttributedString+Extension.swift in Sources */ = {isa = PBXBuildFile; fileRef = D03BD00C29194C5400F79915 /* NSAttributedString+Extension.swift */; };
		D03BD00F291962D500F79915 /* R.generated.swift in Sources */ = {isa = PBXBuildFile; fileRef = D03BD00E291962D500F79915 /* R.generated.swift */; };
		D05F2E2C2920FF43003F13DC /* SignUpModel.swift in Sources */ = {isa = PBXBuildFile; fileRef = D05F2E2B2920FF43003F13DC /* SignUpModel.swift */; };
		D0672BC029229E8A00234FE8 /* ProfileNicknameView.swift in Sources */ = {isa = PBXBuildFile; fileRef = D0672BBF29229E8A00234FE8 /* ProfileNicknameView.swift */; };
		D077FBA329252368004E4363 /* HomeViewModel.swift in Sources */ = {isa = PBXBuildFile; fileRef = D077FBA229252368004E4363 /* HomeViewModel.swift */; };
		D077FBA5292525A1004E4363 /* QueueStatus.swift in Sources */ = {isa = PBXBuildFile; fileRef = D077FBA4292525A1004E4363 /* QueueStatus.swift */; };
		D07BE8432918DAFB00020487 /* UIFont+Extension.swift in Sources */ = {isa = PBXBuildFile; fileRef = D07BE8422918DAFB00020487 /* UIFont+Extension.swift */; };
		D07BE8452918DCFC00020487 /* .gitignore in Resources */ = {isa = PBXBuildFile; fileRef = D07BE8442918DCFC00020487 /* .gitignore */; };
		D07BE84D2918DF3C00020487 /* NotoSansCJKkr-Regular.otf in Resources */ = {isa = PBXBuildFile; fileRef = D07BE84B2918DF3C00020487 /* NotoSansCJKkr-Regular.otf */; };
		D07BE84E2918DF3C00020487 /* NotoSansCJKkr-Medium.otf in Resources */ = {isa = PBXBuildFile; fileRef = D07BE84C2918DF3C00020487 /* NotoSansCJKkr-Medium.otf */; };
		D07BE8502918DF7900020487 /* NotoSansCJK.swift in Sources */ = {isa = PBXBuildFile; fileRef = D07BE84F2918DF7900020487 /* NotoSansCJK.swift */; };
		D07BE8522918E12D00020487 /* FontStyle.swift in Sources */ = {isa = PBXBuildFile; fileRef = D07BE8512918E12D00020487 /* FontStyle.swift */; };
		D07BE8542918E3F600020487 /* OnboardingViewController.swift in Sources */ = {isa = PBXBuildFile; fileRef = D07BE8532918E3F600020487 /* OnboardingViewController.swift */; };
		D07BE8562918E40A00020487 /* OnboardingView.swift in Sources */ = {isa = PBXBuildFile; fileRef = D07BE8552918E40A00020487 /* OnboardingView.swift */; };
		D07BE8582918F02F00020487 /* UICollectionViewLayout+Extension.swift in Sources */ = {isa = PBXBuildFile; fileRef = D07BE8572918F02F00020487 /* UICollectionViewLayout+Extension.swift */; };
		D07BE85A2918F90600020487 /* OnboardingCollectionViewCell.swift in Sources */ = {isa = PBXBuildFile; fileRef = D07BE8592918F90600020487 /* OnboardingCollectionViewCell.swift */; };
		D07BE85C2918FA3E00020487 /* BaseCollectionViewCell.swift in Sources */ = {isa = PBXBuildFile; fileRef = D07BE85B2918FA3E00020487 /* BaseCollectionViewCell.swift */; };
		D0800A3329226C24006EF576 /* ProfileBackgroundImageView.swift in Sources */ = {isa = PBXBuildFile; fileRef = D0800A3229226C24006EF576 /* ProfileBackgroundImageView.swift */; };
		D0800A3529226D3C006EF576 /* SeSacTitleStackView.swift in Sources */ = {isa = PBXBuildFile; fileRef = D0800A3429226D3C006EF576 /* SeSacTitleStackView.swift */; };
		D0800A37292288F8006EF576 /* SeSacReviewView.swift in Sources */ = {isa = PBXBuildFile; fileRef = D0800A36292288F8006EF576 /* SeSacReviewView.swift */; };
		D0800A39292291CB006EF576 /* ProfileImageTableViewHeader.swift in Sources */ = {isa = PBXBuildFile; fileRef = D0800A38292291CB006EF576 /* ProfileImageTableViewHeader.swift */; };
		D0800A3B29229312006EF576 /* ProfileExpandableTableViewCell.swift in Sources */ = {isa = PBXBuildFile; fileRef = D0800A3A29229312006EF576 /* ProfileExpandableTableViewCell.swift */; };
		D082A9FF291EAC1A002A6D09 /* EnterEmailViewModel.swift in Sources */ = {isa = PBXBuildFile; fileRef = D082A9FE291EAC1A002A6D09 /* EnterEmailViewModel.swift */; };
		D082AA01291EB4F4002A6D09 /* EnterGenderViewModel.swift in Sources */ = {isa = PBXBuildFile; fileRef = D082AA00291EB4F4002A6D09 /* EnterGenderViewModel.swift */; };
		D084E23A291D2796005EFF11 /* SignUp.swift in Sources */ = {isa = PBXBuildFile; fileRef = D084E239291D2796005EFF11 /* SignUp.swift */; };
		D084E23D291D2D78005EFF11 /* FirebaseAuth in Frameworks */ = {isa = PBXBuildFile; productRef = D084E23C291D2D78005EFF11 /* FirebaseAuth */; };
		D084E23F291D2D78005EFF11 /* FirebaseMessaging in Frameworks */ = {isa = PBXBuildFile; productRef = D084E23E291D2D78005EFF11 /* FirebaseMessaging */; };
		D0ADF4C12921EEE300C5027D /* NetworkMonitor.swift in Sources */ = {isa = PBXBuildFile; fileRef = D0ADF4C02921EEE300C5027D /* NetworkMonitor.swift */; };
		D0ADF4C32921FB3F00C5027D /* SettingViewController.swift in Sources */ = {isa = PBXBuildFile; fileRef = D0ADF4C22921FB3F00C5027D /* SettingViewController.swift */; };
		D0ADF4C62921FB7800C5027D /* SettingView.swift in Sources */ = {isa = PBXBuildFile; fileRef = D0ADF4C52921FB7800C5027D /* SettingView.swift */; };
		D0ADF4C82921FC1F00C5027D /* HomeView.swift in Sources */ = {isa = PBXBuildFile; fileRef = D0ADF4C72921FC1F00C5027D /* HomeView.swift */; };
		D0ADF4CB2921FF2300C5027D /* SettingTableViewCell.swift in Sources */ = {isa = PBXBuildFile; fileRef = D0ADF4CA2921FF2300C5027D /* SettingTableViewCell.swift */; };
		D0ADF4CD2921FF8200C5027D /* BaseTableViewCell.swift in Sources */ = {isa = PBXBuildFile; fileRef = D0ADF4CC2921FF8200C5027D /* BaseTableViewCell.swift */; };
		D0ADF4CF2922063C00C5027D /* ProfileSettingTableViewCell.swift in Sources */ = {isa = PBXBuildFile; fileRef = D0ADF4CE2922063C00C5027D /* ProfileSettingTableViewCell.swift */; };
		D0ADF4D529220AFC00C5027D /* ProfileViewController.swift in Sources */ = {isa = PBXBuildFile; fileRef = D0ADF4D429220AFC00C5027D /* ProfileViewController.swift */; };
		D0ADF4D729220B0200C5027D /* ProfileView.swift in Sources */ = {isa = PBXBuildFile; fileRef = D0ADF4D629220B0200C5027D /* ProfileView.swift */; };
		D0ADF4D929220B5A00C5027D /* ProfileViewModel.swift in Sources */ = {isa = PBXBuildFile; fileRef = D0ADF4D829220B5A00C5027D /* ProfileViewModel.swift */; };
		D0AE100B2924CF6D0057AADE /* CustomAlertViewController.swift in Sources */ = {isa = PBXBuildFile; fileRef = D0AE100A2924CF6D0057AADE /* CustomAlertViewController.swift */; };
		D0AE100D2924D2160057AADE /* CustomAlertDelegate.swift in Sources */ = {isa = PBXBuildFile; fileRef = D0AE100C2924D2160057AADE /* CustomAlertDelegate.swift */; };
		D0AE10102924D25F0057AADE /* CustomAlertView.swift in Sources */ = {isa = PBXBuildFile; fileRef = D0AE100F2924D25F0057AADE /* CustomAlertView.swift */; };
		D0BB7F94292612EF009B9DC8 /* QueueSearchResult.swift in Sources */ = {isa = PBXBuildFile; fileRef = D0BB7F93292612EF009B9DC8 /* QueueSearchResult.swift */; };
		D0C74E33291AC51D008B3863 /* VerifyAuthNumberViewController.swift in Sources */ = {isa = PBXBuildFile; fileRef = D0C74E32291AC51D008B3863 /* VerifyAuthNumberViewController.swift */; };
		D0C74E35291AC539008B3863 /* VerifyAuthNumberView.swift in Sources */ = {isa = PBXBuildFile; fileRef = D0C74E34291AC539008B3863 /* VerifyAuthNumberView.swift */; };
		D0C7628829211734008F206C /* Encodable+Extension.swift in Sources */ = {isa = PBXBuildFile; fileRef = D0C7628729211734008F206C /* Encodable+Extension.swift */; };
		D0C99789291BD13A006C41B4 /* Router.swift in Sources */ = {isa = PBXBuildFile; fileRef = D0C99788291BD13A006C41B4 /* Router.swift */; };
		D0C9978B291BD8A9006C41B4 /* APIService.swift in Sources */ = {isa = PBXBuildFile; fileRef = D0C9978A291BD8A9006C41B4 /* APIService.swift */; };
		D0C9978E291BDD8F006C41B4 /* Login.swift in Sources */ = {isa = PBXBuildFile; fileRef = D0C9978D291BDD8F006C41B4 /* Login.swift */; };
		D0C99790291BEB6F006C41B4 /* GoogleService-Info.plist in Resources */ = {isa = PBXBuildFile; fileRef = D0C9978F291BEB6F006C41B4 /* GoogleService-Info.plist */; };
		D0C99792291BFAC1006C41B4 /* EnterNicknameViewController.swift in Sources */ = {isa = PBXBuildFile; fileRef = D0C99791291BFAC1006C41B4 /* EnterNicknameViewController.swift */; };
		D0C9979A291C0CBC006C41B4 /* EnterBirthDayViewController.swift in Sources */ = {isa = PBXBuildFile; fileRef = D0C99799291C0CBC006C41B4 /* EnterBirthDayViewController.swift */; };
		D0C9979C291C0CD1006C41B4 /* EnterBirthDayView.swift in Sources */ = {isa = PBXBuildFile; fileRef = D0C9979B291C0CD1006C41B4 /* EnterBirthDayView.swift */; };
		D0D2D3A7291E273D007FA615 /* HomeViewController.swift in Sources */ = {isa = PBXBuildFile; fileRef = D0D2D3A6291E273D007FA615 /* HomeViewController.swift */; };
		D0D2D3A9291E27EA007FA615 /* MainTabBarController.swift in Sources */ = {isa = PBXBuildFile; fileRef = D0D2D3A8291E27EA007FA615 /* MainTabBarController.swift */; };
		D0D2D3AC291E35F8007FA615 /* LaunchScreenViewController.swift in Sources */ = {isa = PBXBuildFile; fileRef = D0D2D3AB291E35F8007FA615 /* LaunchScreenViewController.swift */; };
		D0D2D3AE291E35FC007FA615 /* LaunchScreenView.swift in Sources */ = {isa = PBXBuildFile; fileRef = D0D2D3AD291E35FC007FA615 /* LaunchScreenView.swift */; };
		D0D2D3B0291E7738007FA615 /* EnterNicknameViewModel.swift in Sources */ = {isa = PBXBuildFile; fileRef = D0D2D3AF291E7738007FA615 /* EnterNicknameViewModel.swift */; };
		D0D2D3B2291E7BCB007FA615 /* EnterBirthDayViewModel.swift in Sources */ = {isa = PBXBuildFile; fileRef = D0D2D3B1291E7BCB007FA615 /* EnterBirthDayViewModel.swift */; };
		D0D8EF55291CD06E00F9BC22 /* ReusableTextField.swift in Sources */ = {isa = PBXBuildFile; fileRef = D0D8EF54291CD06E00F9BC22 /* ReusableTextField.swift */; };
		D0D8EF57291CD4C400F9BC22 /* ReusableDateTextField.swift in Sources */ = {isa = PBXBuildFile; fileRef = D0D8EF56291CD4C400F9BC22 /* ReusableDateTextField.swift */; };
		D0D8EF59291CEAD100F9BC22 /* EnterEmailViewController.swift in Sources */ = {isa = PBXBuildFile; fileRef = D0D8EF58291CEAD100F9BC22 /* EnterEmailViewController.swift */; };
		D0D8EF5B291CEFE000F9BC22 /* EnterGenderViewController.swift in Sources */ = {isa = PBXBuildFile; fileRef = D0D8EF5A291CEFE000F9BC22 /* EnterGenderViewController.swift */; };
		D0D8EF5D291CF17100F9BC22 /* EnterGenderView.swift in Sources */ = {isa = PBXBuildFile; fileRef = D0D8EF5C291CF17100F9BC22 /* EnterGenderView.swift */; };
		D0DEEFF3291A533F00BE125E /* TextStackView.swift in Sources */ = {isa = PBXBuildFile; fileRef = D0DEEFF2291A533F00BE125E /* TextStackView.swift */; };
		D0DEEFF7291A5B5600BE125E /* EnterPhoneNumberViewController.swift in Sources */ = {isa = PBXBuildFile; fileRef = D0DEEFF6291A5B5600BE125E /* EnterPhoneNumberViewController.swift */; };
		D0DEEFF9291A5DAC00BE125E /* ReusableViewWithTextField.swift in Sources */ = {isa = PBXBuildFile; fileRef = D0DEEFF8291A5DAC00BE125E /* ReusableViewWithTextField.swift */; };
		D0DEEFFB291A65B700BE125E /* EnterPhoneNumberViewModel.swift in Sources */ = {isa = PBXBuildFile; fileRef = D0DEEFFA291A65B700BE125E /* EnterPhoneNumberViewModel.swift */; };
		D0DEEFFD291A733300BE125E /* CommonViewModel.swift in Sources */ = {isa = PBXBuildFile; fileRef = D0DEEFFC291A733300BE125E /* CommonViewModel.swift */; };
		D0DFFDD8291A40EF00967C1A /* ReusableInitialView.swift in Sources */ = {isa = PBXBuildFile; fileRef = D0DFFDD7291A40EF00967C1A /* ReusableInitialView.swift */; };
		D0E2E1FD291A070C00D49E0F /* Onboarding.swift in Sources */ = {isa = PBXBuildFile; fileRef = D0E2E1FC291A070C00D49E0F /* Onboarding.swift */; };
		D0E2E200291A219E00D49E0F /* UIViewController+Extension.swift in Sources */ = {isa = PBXBuildFile; fileRef = D0E2E1FF291A219E00D49E0F /* UIViewController+Extension.swift */; };
		D0FAE43A2923B89000CD2206 /* MultiSlider in Frameworks */ = {isa = PBXBuildFile; productRef = D0FAE4392923B89000CD2206 /* MultiSlider */; };
		D0FAE43C2923E1B200CD2206 /* UserInfoManager.swift in Sources */ = {isa = PBXBuildFile; fileRef = D0FAE43B2923E1B200CD2206 /* UserInfoManager.swift */; };
		D0FAE4402923EFF400CD2206 /* DateFormatterManager.swift in Sources */ = {isa = PBXBuildFile; fileRef = D0FAE43F2923EFF400CD2206 /* DateFormatterManager.swift */; };
		D0FAE4422923FD2200CD2206 /* MyPage.swift in Sources */ = {isa = PBXBuildFile; fileRef = D0FAE4412923FD2200CD2206 /* MyPage.swift */; };
		D0FE194E291B6B6500A05179 /* VerifyAuthNumberViewModel.swift in Sources */ = {isa = PBXBuildFile; fileRef = D0FE194D291B6B6500A05179 /* VerifyAuthNumberViewModel.swift */; };
/* End PBXBuildFile section */

/* Begin PBXFileReference section */
		A461A4FC7A81E0321E5DADF2 /* Pods-SeSacStudy.release.xcconfig */ = {isa = PBXFileReference; includeInIndex = 1; lastKnownFileType = text.xcconfig; name = "Pods-SeSacStudy.release.xcconfig"; path = "Target Support Files/Pods-SeSacStudy/Pods-SeSacStudy.release.xcconfig"; sourceTree = "<group>"; };
		C9F727FA6385471DB50F92AB /* Pods-SeSacStudy.debug.xcconfig */ = {isa = PBXFileReference; includeInIndex = 1; lastKnownFileType = text.xcconfig; name = "Pods-SeSacStudy.debug.xcconfig"; path = "Target Support Files/Pods-SeSacStudy/Pods-SeSacStudy.debug.xcconfig"; sourceTree = "<group>"; };
		CBFC5E6B44EC8A69EEBAFB1D /* Pods_SeSacStudy.framework */ = {isa = PBXFileReference; explicitFileType = wrapper.framework; includeInIndex = 0; path = Pods_SeSacStudy.framework; sourceTree = BUILT_PRODUCTS_DIR; };
		D0100B422918C5CC00AEC5C2 /* SeSacStudy.app */ = {isa = PBXFileReference; explicitFileType = wrapper.application; includeInIndex = 0; path = SeSacStudy.app; sourceTree = BUILT_PRODUCTS_DIR; };
		D0100B452918C5CC00AEC5C2 /* AppDelegate.swift */ = {isa = PBXFileReference; lastKnownFileType = sourcecode.swift; path = AppDelegate.swift; sourceTree = "<group>"; };
		D0100B472918C5CC00AEC5C2 /* SceneDelegate.swift */ = {isa = PBXFileReference; lastKnownFileType = sourcecode.swift; path = SceneDelegate.swift; sourceTree = "<group>"; };
		D0100B4E2918C5CC00AEC5C2 /* Assets.xcassets */ = {isa = PBXFileReference; lastKnownFileType = folder.assetcatalog; path = Assets.xcassets; sourceTree = "<group>"; };
		D0100B512918C5CC00AEC5C2 /* Base */ = {isa = PBXFileReference; lastKnownFileType = file.storyboard; name = Base; path = Base.lproj/LaunchScreen.storyboard; sourceTree = "<group>"; };
		D0100B532918C5CC00AEC5C2 /* Info.plist */ = {isa = PBXFileReference; lastKnownFileType = text.plist.xml; path = Info.plist; sourceTree = "<group>"; };
		D0165F10291B82BE00BBE042 /* FirebaseAuthManager.swift */ = {isa = PBXFileReference; lastKnownFileType = sourcecode.swift; path = FirebaseAuthManager.swift; sourceTree = "<group>"; };
		D01D387D292370F700D7F577 /* SettingUserInfoTableViewCell.swift */ = {isa = PBXFileReference; lastKnownFileType = sourcecode.swift; path = SettingUserInfoTableViewCell.swift; sourceTree = "<group>"; };
		D01D387F29237BE600D7F577 /* WishStudyListView.swift */ = {isa = PBXFileReference; lastKnownFileType = sourcecode.swift; path = WishStudyListView.swift; sourceTree = "<group>"; };
		D01D38812923837400D7F577 /* CollectionviewProtocol.swift */ = {isa = PBXFileReference; lastKnownFileType = sourcecode.swift; path = CollectionviewProtocol.swift; sourceTree = "<group>"; };
		D01D3884292386A900D7F577 /* MyGenderView.swift */ = {isa = PBXFileReference; lastKnownFileType = sourcecode.swift; path = MyGenderView.swift; sourceTree = "<group>"; };
		D01D38862923870200D7F577 /* FrequentStudyView.swift */ = {isa = PBXFileReference; lastKnownFileType = sourcecode.swift; path = FrequentStudyView.swift; sourceTree = "<group>"; };
		D01D38882923882F00D7F577 /* NumberSearchAvailabilityView.swift */ = {isa = PBXFileReference; lastKnownFileType = sourcecode.swift; name = NumberSearchAvailabilityView.swift; path = ../../../../../../../../../../../Documents/NumberSearchAvailabilityView.swift; sourceTree = "<group>"; };
		D01D388A2923885000D7F577 /* SearchAgeGroupView.swift */ = {isa = PBXFileReference; lastKnownFileType = sourcecode.swift; path = SearchAgeGroupView.swift; sourceTree = "<group>"; };
		D01D388C2923887C00D7F577 /* WithdrawalView.swift */ = {isa = PBXFileReference; lastKnownFileType = sourcecode.swift; path = WithdrawalView.swift; sourceTree = "<group>"; };
		D023355D2918CE6C003C7225 /* UIColor+Extension.swift */ = {isa = PBXFileReference; lastKnownFileType = sourcecode.swift; path = "UIColor+Extension.swift"; sourceTree = "<group>"; };
		D02335642918D597003C7225 /* UserDefaultManager.swift */ = {isa = PBXFileReference; lastKnownFileType = sourcecode.swift; path = UserDefaultManager.swift; sourceTree = "<group>"; };
		D02335672918D631003C7225 /* BaseViewController.swift */ = {isa = PBXFileReference; lastKnownFileType = sourcecode.swift; path = BaseViewController.swift; sourceTree = "<group>"; };
		D02335692918D652003C7225 /* BaseView.swift */ = {isa = PBXFileReference; lastKnownFileType = sourcecode.swift; path = BaseView.swift; sourceTree = "<group>"; };
		D023356C2918D752003C7225 /* BasicButton.swift */ = {isa = PBXFileReference; lastKnownFileType = sourcecode.swift; path = BasicButton.swift; sourceTree = "<group>"; };
		D03BD00C29194C5400F79915 /* NSAttributedString+Extension.swift */ = {isa = PBXFileReference; lastKnownFileType = sourcecode.swift; path = "NSAttributedString+Extension.swift"; sourceTree = "<group>"; };
		D03BD00E291962D500F79915 /* R.generated.swift */ = {isa = PBXFileReference; fileEncoding = 4; lastKnownFileType = sourcecode.swift; path = R.generated.swift; sourceTree = SOURCE_ROOT; };
		D05F2E2B2920FF43003F13DC /* SignUpModel.swift */ = {isa = PBXFileReference; lastKnownFileType = sourcecode.swift; path = SignUpModel.swift; sourceTree = "<group>"; };
		D0672BBF29229E8A00234FE8 /* ProfileNicknameView.swift */ = {isa = PBXFileReference; lastKnownFileType = sourcecode.swift; path = ProfileNicknameView.swift; sourceTree = "<group>"; };
		D077FBA229252368004E4363 /* HomeViewModel.swift */ = {isa = PBXFileReference; lastKnownFileType = sourcecode.swift; path = HomeViewModel.swift; sourceTree = "<group>"; };
		D077FBA4292525A1004E4363 /* QueueStatus.swift */ = {isa = PBXFileReference; lastKnownFileType = sourcecode.swift; path = QueueStatus.swift; sourceTree = "<group>"; };
		D07BE8422918DAFB00020487 /* UIFont+Extension.swift */ = {isa = PBXFileReference; lastKnownFileType = sourcecode.swift; path = "UIFont+Extension.swift"; sourceTree = "<group>"; };
		D07BE8442918DCFC00020487 /* .gitignore */ = {isa = PBXFileReference; lastKnownFileType = text; path = .gitignore; sourceTree = "<group>"; };
		D07BE84B2918DF3C00020487 /* NotoSansCJKkr-Regular.otf */ = {isa = PBXFileReference; lastKnownFileType = file; path = "NotoSansCJKkr-Regular.otf"; sourceTree = "<group>"; };
		D07BE84C2918DF3C00020487 /* NotoSansCJKkr-Medium.otf */ = {isa = PBXFileReference; lastKnownFileType = file; path = "NotoSansCJKkr-Medium.otf"; sourceTree = "<group>"; };
		D07BE84F2918DF7900020487 /* NotoSansCJK.swift */ = {isa = PBXFileReference; lastKnownFileType = sourcecode.swift; path = NotoSansCJK.swift; sourceTree = "<group>"; };
		D07BE8512918E12D00020487 /* FontStyle.swift */ = {isa = PBXFileReference; lastKnownFileType = sourcecode.swift; path = FontStyle.swift; sourceTree = "<group>"; };
		D07BE8532918E3F600020487 /* OnboardingViewController.swift */ = {isa = PBXFileReference; lastKnownFileType = sourcecode.swift; path = OnboardingViewController.swift; sourceTree = "<group>"; };
		D07BE8552918E40A00020487 /* OnboardingView.swift */ = {isa = PBXFileReference; lastKnownFileType = sourcecode.swift; path = OnboardingView.swift; sourceTree = "<group>"; };
		D07BE8572918F02F00020487 /* UICollectionViewLayout+Extension.swift */ = {isa = PBXFileReference; lastKnownFileType = sourcecode.swift; path = "UICollectionViewLayout+Extension.swift"; sourceTree = "<group>"; };
		D07BE8592918F90600020487 /* OnboardingCollectionViewCell.swift */ = {isa = PBXFileReference; lastKnownFileType = sourcecode.swift; path = OnboardingCollectionViewCell.swift; sourceTree = "<group>"; };
		D07BE85B2918FA3E00020487 /* BaseCollectionViewCell.swift */ = {isa = PBXFileReference; lastKnownFileType = sourcecode.swift; path = BaseCollectionViewCell.swift; sourceTree = "<group>"; };
		D0800A3229226C24006EF576 /* ProfileBackgroundImageView.swift */ = {isa = PBXFileReference; lastKnownFileType = sourcecode.swift; path = ProfileBackgroundImageView.swift; sourceTree = "<group>"; };
		D0800A3429226D3C006EF576 /* SeSacTitleStackView.swift */ = {isa = PBXFileReference; lastKnownFileType = sourcecode.swift; path = SeSacTitleStackView.swift; sourceTree = "<group>"; };
		D0800A36292288F8006EF576 /* SeSacReviewView.swift */ = {isa = PBXFileReference; lastKnownFileType = sourcecode.swift; path = SeSacReviewView.swift; sourceTree = "<group>"; };
		D0800A38292291CB006EF576 /* ProfileImageTableViewHeader.swift */ = {isa = PBXFileReference; lastKnownFileType = sourcecode.swift; path = ProfileImageTableViewHeader.swift; sourceTree = "<group>"; };
		D0800A3A29229312006EF576 /* ProfileExpandableTableViewCell.swift */ = {isa = PBXFileReference; lastKnownFileType = sourcecode.swift; path = ProfileExpandableTableViewCell.swift; sourceTree = "<group>"; };
		D082A9FE291EAC1A002A6D09 /* EnterEmailViewModel.swift */ = {isa = PBXFileReference; lastKnownFileType = sourcecode.swift; path = EnterEmailViewModel.swift; sourceTree = "<group>"; };
		D082AA00291EB4F4002A6D09 /* EnterGenderViewModel.swift */ = {isa = PBXFileReference; lastKnownFileType = sourcecode.swift; path = EnterGenderViewModel.swift; sourceTree = "<group>"; };
		D084E239291D2796005EFF11 /* SignUp.swift */ = {isa = PBXFileReference; lastKnownFileType = sourcecode.swift; path = SignUp.swift; sourceTree = "<group>"; };
		D0ADF4C02921EEE300C5027D /* NetworkMonitor.swift */ = {isa = PBXFileReference; lastKnownFileType = sourcecode.swift; path = NetworkMonitor.swift; sourceTree = "<group>"; };
		D0ADF4C22921FB3F00C5027D /* SettingViewController.swift */ = {isa = PBXFileReference; lastKnownFileType = sourcecode.swift; path = SettingViewController.swift; sourceTree = "<group>"; };
		D0ADF4C52921FB7800C5027D /* SettingView.swift */ = {isa = PBXFileReference; lastKnownFileType = sourcecode.swift; path = SettingView.swift; sourceTree = "<group>"; };
		D0ADF4C72921FC1F00C5027D /* HomeView.swift */ = {isa = PBXFileReference; lastKnownFileType = sourcecode.swift; path = HomeView.swift; sourceTree = "<group>"; };
		D0ADF4CA2921FF2300C5027D /* SettingTableViewCell.swift */ = {isa = PBXFileReference; lastKnownFileType = sourcecode.swift; path = SettingTableViewCell.swift; sourceTree = "<group>"; };
		D0ADF4CC2921FF8200C5027D /* BaseTableViewCell.swift */ = {isa = PBXFileReference; lastKnownFileType = sourcecode.swift; path = BaseTableViewCell.swift; sourceTree = "<group>"; };
		D0ADF4CE2922063C00C5027D /* ProfileSettingTableViewCell.swift */ = {isa = PBXFileReference; lastKnownFileType = sourcecode.swift; path = ProfileSettingTableViewCell.swift; sourceTree = "<group>"; };
		D0ADF4D429220AFC00C5027D /* ProfileViewController.swift */ = {isa = PBXFileReference; lastKnownFileType = sourcecode.swift; path = ProfileViewController.swift; sourceTree = "<group>"; };
		D0ADF4D629220B0200C5027D /* ProfileView.swift */ = {isa = PBXFileReference; lastKnownFileType = sourcecode.swift; path = ProfileView.swift; sourceTree = "<group>"; };
		D0ADF4D829220B5A00C5027D /* ProfileViewModel.swift */ = {isa = PBXFileReference; lastKnownFileType = sourcecode.swift; path = ProfileViewModel.swift; sourceTree = "<group>"; };
		D0AE100A2924CF6D0057AADE /* CustomAlertViewController.swift */ = {isa = PBXFileReference; lastKnownFileType = sourcecode.swift; path = CustomAlertViewController.swift; sourceTree = "<group>"; };
		D0AE100C2924D2160057AADE /* CustomAlertDelegate.swift */ = {isa = PBXFileReference; lastKnownFileType = sourcecode.swift; path = CustomAlertDelegate.swift; sourceTree = "<group>"; };
		D0AE100F2924D25F0057AADE /* CustomAlertView.swift */ = {isa = PBXFileReference; lastKnownFileType = sourcecode.swift; path = CustomAlertView.swift; sourceTree = "<group>"; };
		D0BB7F93292612EF009B9DC8 /* QueueSearchResult.swift */ = {isa = PBXFileReference; lastKnownFileType = sourcecode.swift; path = QueueSearchResult.swift; sourceTree = "<group>"; };
		D0C74E32291AC51D008B3863 /* VerifyAuthNumberViewController.swift */ = {isa = PBXFileReference; lastKnownFileType = sourcecode.swift; path = VerifyAuthNumberViewController.swift; sourceTree = "<group>"; };
		D0C74E34291AC539008B3863 /* VerifyAuthNumberView.swift */ = {isa = PBXFileReference; lastKnownFileType = sourcecode.swift; path = VerifyAuthNumberView.swift; sourceTree = "<group>"; };
		D0C7628729211734008F206C /* Encodable+Extension.swift */ = {isa = PBXFileReference; lastKnownFileType = sourcecode.swift; path = "Encodable+Extension.swift"; sourceTree = "<group>"; };
		D0C99788291BD13A006C41B4 /* Router.swift */ = {isa = PBXFileReference; lastKnownFileType = sourcecode.swift; path = Router.swift; sourceTree = "<group>"; };
		D0C9978A291BD8A9006C41B4 /* APIService.swift */ = {isa = PBXFileReference; lastKnownFileType = sourcecode.swift; path = APIService.swift; sourceTree = "<group>"; };
		D0C9978D291BDD8F006C41B4 /* Login.swift */ = {isa = PBXFileReference; lastKnownFileType = sourcecode.swift; path = Login.swift; sourceTree = "<group>"; };
		D0C9978F291BEB6F006C41B4 /* GoogleService-Info.plist */ = {isa = PBXFileReference; fileEncoding = 4; lastKnownFileType = text.plist.xml; path = "GoogleService-Info.plist"; sourceTree = "<group>"; };
		D0C99791291BFAC1006C41B4 /* EnterNicknameViewController.swift */ = {isa = PBXFileReference; lastKnownFileType = sourcecode.swift; path = EnterNicknameViewController.swift; sourceTree = "<group>"; };
		D0C99799291C0CBC006C41B4 /* EnterBirthDayViewController.swift */ = {isa = PBXFileReference; lastKnownFileType = sourcecode.swift; path = EnterBirthDayViewController.swift; sourceTree = "<group>"; };
		D0C9979B291C0CD1006C41B4 /* EnterBirthDayView.swift */ = {isa = PBXFileReference; lastKnownFileType = sourcecode.swift; path = EnterBirthDayView.swift; sourceTree = "<group>"; };
		D0D2D3A6291E273D007FA615 /* HomeViewController.swift */ = {isa = PBXFileReference; lastKnownFileType = sourcecode.swift; path = HomeViewController.swift; sourceTree = "<group>"; };
		D0D2D3A8291E27EA007FA615 /* MainTabBarController.swift */ = {isa = PBXFileReference; lastKnownFileType = sourcecode.swift; path = MainTabBarController.swift; sourceTree = "<group>"; };
		D0D2D3AB291E35F8007FA615 /* LaunchScreenViewController.swift */ = {isa = PBXFileReference; lastKnownFileType = sourcecode.swift; path = LaunchScreenViewController.swift; sourceTree = "<group>"; };
		D0D2D3AD291E35FC007FA615 /* LaunchScreenView.swift */ = {isa = PBXFileReference; lastKnownFileType = sourcecode.swift; path = LaunchScreenView.swift; sourceTree = "<group>"; };
		D0D2D3AF291E7738007FA615 /* EnterNicknameViewModel.swift */ = {isa = PBXFileReference; lastKnownFileType = sourcecode.swift; path = EnterNicknameViewModel.swift; sourceTree = "<group>"; };
		D0D2D3B1291E7BCB007FA615 /* EnterBirthDayViewModel.swift */ = {isa = PBXFileReference; lastKnownFileType = sourcecode.swift; path = EnterBirthDayViewModel.swift; sourceTree = "<group>"; };
		D0D8EF54291CD06E00F9BC22 /* ReusableTextField.swift */ = {isa = PBXFileReference; lastKnownFileType = sourcecode.swift; path = ReusableTextField.swift; sourceTree = "<group>"; };
		D0D8EF56291CD4C400F9BC22 /* ReusableDateTextField.swift */ = {isa = PBXFileReference; lastKnownFileType = sourcecode.swift; path = ReusableDateTextField.swift; sourceTree = "<group>"; };
		D0D8EF58291CEAD100F9BC22 /* EnterEmailViewController.swift */ = {isa = PBXFileReference; lastKnownFileType = sourcecode.swift; path = EnterEmailViewController.swift; sourceTree = "<group>"; };
		D0D8EF5A291CEFE000F9BC22 /* EnterGenderViewController.swift */ = {isa = PBXFileReference; lastKnownFileType = sourcecode.swift; path = EnterGenderViewController.swift; sourceTree = "<group>"; };
		D0D8EF5C291CF17100F9BC22 /* EnterGenderView.swift */ = {isa = PBXFileReference; lastKnownFileType = sourcecode.swift; path = EnterGenderView.swift; sourceTree = "<group>"; };
		D0DEEFF2291A533F00BE125E /* TextStackView.swift */ = {isa = PBXFileReference; lastKnownFileType = sourcecode.swift; path = TextStackView.swift; sourceTree = "<group>"; };
		D0DEEFF6291A5B5600BE125E /* EnterPhoneNumberViewController.swift */ = {isa = PBXFileReference; lastKnownFileType = sourcecode.swift; path = EnterPhoneNumberViewController.swift; sourceTree = "<group>"; };
		D0DEEFF8291A5DAC00BE125E /* ReusableViewWithTextField.swift */ = {isa = PBXFileReference; lastKnownFileType = sourcecode.swift; path = ReusableViewWithTextField.swift; sourceTree = "<group>"; };
		D0DEEFFA291A65B700BE125E /* EnterPhoneNumberViewModel.swift */ = {isa = PBXFileReference; lastKnownFileType = sourcecode.swift; path = EnterPhoneNumberViewModel.swift; sourceTree = "<group>"; };
		D0DEEFFC291A733300BE125E /* CommonViewModel.swift */ = {isa = PBXFileReference; lastKnownFileType = sourcecode.swift; path = CommonViewModel.swift; sourceTree = "<group>"; };
		D0DEF003291AA50400BE125E /* SeSacStudy.entitlements */ = {isa = PBXFileReference; lastKnownFileType = text.plist.entitlements; path = SeSacStudy.entitlements; sourceTree = "<group>"; };
		D0DFFDD7291A40EF00967C1A /* ReusableInitialView.swift */ = {isa = PBXFileReference; lastKnownFileType = sourcecode.swift; path = ReusableInitialView.swift; sourceTree = "<group>"; };
		D0E2E1FC291A070C00D49E0F /* Onboarding.swift */ = {isa = PBXFileReference; lastKnownFileType = sourcecode.swift; path = Onboarding.swift; sourceTree = "<group>"; };
		D0E2E1FF291A219E00D49E0F /* UIViewController+Extension.swift */ = {isa = PBXFileReference; lastKnownFileType = sourcecode.swift; path = "UIViewController+Extension.swift"; sourceTree = "<group>"; };
		D0FAE43B2923E1B200CD2206 /* UserInfoManager.swift */ = {isa = PBXFileReference; lastKnownFileType = sourcecode.swift; path = UserInfoManager.swift; sourceTree = "<group>"; };
		D0FAE43F2923EFF400CD2206 /* DateFormatterManager.swift */ = {isa = PBXFileReference; lastKnownFileType = sourcecode.swift; path = DateFormatterManager.swift; sourceTree = "<group>"; };
		D0FAE4412923FD2200CD2206 /* MyPage.swift */ = {isa = PBXFileReference; lastKnownFileType = sourcecode.swift; path = MyPage.swift; sourceTree = "<group>"; };
		D0FE194D291B6B6500A05179 /* VerifyAuthNumberViewModel.swift */ = {isa = PBXFileReference; lastKnownFileType = sourcecode.swift; path = VerifyAuthNumberViewModel.swift; sourceTree = "<group>"; };
/* End PBXFileReference section */

/* Begin PBXFrameworksBuildPhase section */
		D0100B3F2918C5CC00AEC5C2 /* Frameworks */ = {
			isa = PBXFrameworksBuildPhase;
			buildActionMask = 2147483647;
			files = (
				D084E23F291D2D78005EFF11 /* FirebaseMessaging in Frameworks */,
				D0100B5F2918CA7D00AEC5C2 /* RxSwift in Frameworks */,
				D0100B692918CB0800AEC5C2 /* IQKeyboardManagerSwift in Frameworks */,
				D0100B622918CA9100AEC5C2 /* Then in Frameworks */,
				D0100B6F2918CB3500AEC5C2 /* Alamofire in Frameworks */,
				D0100B5D2918CA7D00AEC5C2 /* RxCocoa in Frameworks */,
				D0100B6C2918CB1300AEC5C2 /* SnapKit in Frameworks */,
				4CECB3BE79BA4BC04B0BADCD /* Pods_SeSacStudy.framework in Frameworks */,
				D084E23D291D2D78005EFF11 /* FirebaseAuth in Frameworks */,
				D0FAE43A2923B89000CD2206 /* MultiSlider in Frameworks */,
			);
			runOnlyForDeploymentPostprocessing = 0;
		};
/* End PBXFrameworksBuildPhase section */

/* Begin PBXGroup section */
		7051E428E850A1FD456EB663 /* Frameworks */ = {
			isa = PBXGroup;
			children = (
				CBFC5E6B44EC8A69EEBAFB1D /* Pods_SeSacStudy.framework */,
			);
			name = Frameworks;
			sourceTree = "<group>";
		};
		A24DA5D196D2F7743A643E5F /* Pods */ = {
			isa = PBXGroup;
			children = (
				C9F727FA6385471DB50F92AB /* Pods-SeSacStudy.debug.xcconfig */,
				A461A4FC7A81E0321E5DADF2 /* Pods-SeSacStudy.release.xcconfig */,
			);
			path = Pods;
			sourceTree = "<group>";
		};
		D0100B392918C5CC00AEC5C2 = {
			isa = PBXGroup;
			children = (
				D0100B442918C5CC00AEC5C2 /* SeSacStudy */,
				D0100B432918C5CC00AEC5C2 /* Products */,
				A24DA5D196D2F7743A643E5F /* Pods */,
				7051E428E850A1FD456EB663 /* Frameworks */,
			);
			sourceTree = "<group>";
		};
		D0100B432918C5CC00AEC5C2 /* Products */ = {
			isa = PBXGroup;
			children = (
				D0100B422918C5CC00AEC5C2 /* SeSacStudy.app */,
			);
			name = Products;
			sourceTree = "<group>";
		};
		D0100B442918C5CC00AEC5C2 /* SeSacStudy */ = {
			isa = PBXGroup;
			children = (
				D0DEF003291AA50400BE125E /* SeSacStudy.entitlements */,
				D0100B592918C8A900AEC5C2 /* App */,
				D02335572918CDFB003C7225 /* Utility */,
				D02335582918CE0B003C7225 /* Manager */,
				D0C99787291BD0B4006C41B4 /* Network */,
				D0100B5A2918C97F00AEC5C2 /* View */,
				D0100B4E2918C5CC00AEC5C2 /* Assets.xcassets */,
				D0100B502918C5CC00AEC5C2 /* LaunchScreen.storyboard */,
				D03BD00E291962D500F79915 /* R.generated.swift */,
				D07BE8442918DCFC00020487 /* .gitignore */,
				D0100B532918C5CC00AEC5C2 /* Info.plist */,
				D0C9978F291BEB6F006C41B4 /* GoogleService-Info.plist */,
			);
			path = SeSacStudy;
			sourceTree = "<group>";
		};
		D0100B592918C8A900AEC5C2 /* App */ = {
			isa = PBXGroup;
			children = (
				D0100B452918C5CC00AEC5C2 /* AppDelegate.swift */,
				D0100B472918C5CC00AEC5C2 /* SceneDelegate.swift */,
			);
			path = App;
			sourceTree = "<group>";
		};
		D0100B5A2918C97F00AEC5C2 /* View */ = {
			isa = PBXGroup;
			children = (
				D0D2D3AA291E35E6007FA615 /* LaunchScreen */,
				D0DFFDD4291A40B500967C1A /* InitialView */,
				D0D2D3A4291E2712007FA615 /* Main */,
			);
			path = View;
			sourceTree = "<group>";
		};
		D01D38832923868F00D7F577 /* ReusableView */ = {
			isa = PBXGroup;
			children = (
				D01D3884292386A900D7F577 /* MyGenderView.swift */,
				D01D38862923870200D7F577 /* FrequentStudyView.swift */,
				D01D38882923882F00D7F577 /* NumberSearchAvailabilityView.swift */,
				D01D388A2923885000D7F577 /* SearchAgeGroupView.swift */,
				D01D388C2923887C00D7F577 /* WithdrawalView.swift */,
			);
			path = ReusableView;
			sourceTree = "<group>";
		};
		D02335572918CDFB003C7225 /* Utility */ = {
			isa = PBXGroup;
			children = (
				D023355A2918CE29003C7225 /* Base */,
				D023355B2918CE35003C7225 /* Protocol */,
				D02335592918CE23003C7225 /* Extension */,
				D07BE8462918DD9D00020487 /* Font */,
				D023356B2918D679003C7225 /* Reusable */,
			);
			path = Utility;
			sourceTree = "<group>";
		};
		D02335582918CE0B003C7225 /* Manager */ = {
			isa = PBXGroup;
			children = (
				D02335642918D597003C7225 /* UserDefaultManager.swift */,
				D0FAE43F2923EFF400CD2206 /* DateFormatterManager.swift */,
				D0165F10291B82BE00BBE042 /* FirebaseAuthManager.swift */,
				D0FAE43B2923E1B200CD2206 /* UserInfoManager.swift */,
			);
			path = Manager;
			sourceTree = "<group>";
		};
		D02335592918CE23003C7225 /* Extension */ = {
			isa = PBXGroup;
			children = (
				D023355D2918CE6C003C7225 /* UIColor+Extension.swift */,
				D07BE8422918DAFB00020487 /* UIFont+Extension.swift */,
				D03BD00C29194C5400F79915 /* NSAttributedString+Extension.swift */,
				D07BE8572918F02F00020487 /* UICollectionViewLayout+Extension.swift */,
				D0E2E1FF291A219E00D49E0F /* UIViewController+Extension.swift */,
				D0C7628729211734008F206C /* Encodable+Extension.swift */,
			);
			path = Extension;
			sourceTree = "<group>";
		};
		D023355A2918CE29003C7225 /* Base */ = {
			isa = PBXGroup;
			children = (
				D02335672918D631003C7225 /* BaseViewController.swift */,
				D02335692918D652003C7225 /* BaseView.swift */,
				D07BE85B2918FA3E00020487 /* BaseCollectionViewCell.swift */,
				D0ADF4CC2921FF8200C5027D /* BaseTableViewCell.swift */,
			);
			path = Base;
			sourceTree = "<group>";
		};
		D023355B2918CE35003C7225 /* Protocol */ = {
			isa = PBXGroup;
			children = (
				D0DEEFFC291A733300BE125E /* CommonViewModel.swift */,
				D01D38812923837400D7F577 /* CollectionviewProtocol.swift */,
				D0AE100C2924D2160057AADE /* CustomAlertDelegate.swift */,
			);
			path = Protocol;
			sourceTree = "<group>";
		};
		D02335662918D5D6003C7225 /* Onboarding */ = {
			isa = PBXGroup;
			children = (
				D07BE8532918E3F600020487 /* OnboardingViewController.swift */,
				D07BE8552918E40A00020487 /* OnboardingView.swift */,
				D07BE8592918F90600020487 /* OnboardingCollectionViewCell.swift */,
				D0E2E1FC291A070C00D49E0F /* Onboarding.swift */,
			);
			path = Onboarding;
			sourceTree = "<group>";
		};
		D023356B2918D679003C7225 /* Reusable */ = {
			isa = PBXGroup;
			children = (
				D023356C2918D752003C7225 /* BasicButton.swift */,
			);
			path = Reusable;
			sourceTree = "<group>";
		};
		D07BE8462918DD9D00020487 /* Font */ = {
			isa = PBXGroup;
			children = (
				D07BE8512918E12D00020487 /* FontStyle.swift */,
				D07BE84F2918DF7900020487 /* NotoSansCJK.swift */,
				D07BE84C2918DF3C00020487 /* NotoSansCJKkr-Medium.otf */,
				D07BE84B2918DF3C00020487 /* NotoSansCJKkr-Regular.otf */,
			);
			path = Font;
			sourceTree = "<group>";
		};
		D0800A3129226998006EF576 /* Cell */ = {
			isa = PBXGroup;
			children = (
				D0800A38292291CB006EF576 /* ProfileImageTableViewHeader.swift */,
				D0800A3A29229312006EF576 /* ProfileExpandableTableViewCell.swift */,
				D01D387D292370F700D7F577 /* SettingUserInfoTableViewCell.swift */,
				D01D38832923868F00D7F577 /* ReusableView */,
			);
			path = Cell;
			sourceTree = "<group>";
		};
		D0ADF4C42921FB6700C5027D /* SettingView */ = {
			isa = PBXGroup;
			children = (
				D0ADF4C22921FB3F00C5027D /* SettingViewController.swift */,
				D0ADF4C52921FB7800C5027D /* SettingView.swift */,
				D0ADF4C92921FD0400C5027D /* Cell */,
				D0ADF4D229220A6B00C5027D /* ProfileView */,
			);
			path = SettingView;
			sourceTree = "<group>";
		};
		D0ADF4C92921FD0400C5027D /* Cell */ = {
			isa = PBXGroup;
			children = (
				D0ADF4CE2922063C00C5027D /* ProfileSettingTableViewCell.swift */,
				D0ADF4CA2921FF2300C5027D /* SettingTableViewCell.swift */,
			);
			path = Cell;
			sourceTree = "<group>";
		};
		D0ADF4D229220A6B00C5027D /* ProfileView */ = {
			isa = PBXGroup;
			children = (
				D0ADF4D829220B5A00C5027D /* ProfileViewModel.swift */,
				D0ADF4D429220AFC00C5027D /* ProfileViewController.swift */,
				D0ADF4D629220B0200C5027D /* ProfileView.swift */,
				D0800A3129226998006EF576 /* Cell */,
			);
			path = ProfileView;
			sourceTree = "<group>";
		};
		D0ADF4D329220AAD00C5027D /* ReusableView */ = {
			isa = PBXGroup;
			children = (
				D0AE10092924CE5D0057AADE /* Common */,
				D0AE10082924CE510057AADE /* Profile */,
			);
			path = ReusableView;
			sourceTree = "<group>";
		};
		D0AE10082924CE510057AADE /* Profile */ = {
			isa = PBXGroup;
			children = (
				D0800A3229226C24006EF576 /* ProfileBackgroundImageView.swift */,
				D0672BBF29229E8A00234FE8 /* ProfileNicknameView.swift */,
				D0800A3429226D3C006EF576 /* SeSacTitleStackView.swift */,
				D01D387F29237BE600D7F577 /* WishStudyListView.swift */,
				D0800A36292288F8006EF576 /* SeSacReviewView.swift */,
			);
			path = Profile;
			sourceTree = "<group>";
		};
		D0AE10092924CE5D0057AADE /* Common */ = {
			isa = PBXGroup;
			children = (
				D0AE100E2924D2510057AADE /* CustomAlert */,
			);
			path = Common;
			sourceTree = "<group>";
		};
		D0AE100E2924D2510057AADE /* CustomAlert */ = {
			isa = PBXGroup;
			children = (
				D0AE100A2924CF6D0057AADE /* CustomAlertViewController.swift */,
				D0AE100F2924D25F0057AADE /* CustomAlertView.swift */,
			);
			path = CustomAlert;
			sourceTree = "<group>";
		};
		D0C99787291BD0B4006C41B4 /* Network */ = {
			isa = PBXGroup;
			children = (
				D0ADF4C02921EEE300C5027D /* NetworkMonitor.swift */,
				D0C99788291BD13A006C41B4 /* Router.swift */,
				D0C9978A291BD8A9006C41B4 /* APIService.swift */,
				D0C9978C291BDD86006C41B4 /* Model */,
			);
			path = Network;
			sourceTree = "<group>";
		};
		D0C9978C291BDD86006C41B4 /* Model */ = {
			isa = PBXGroup;
			children = (
				D0C9978D291BDD8F006C41B4 /* Login.swift */,
				D084E239291D2796005EFF11 /* SignUp.swift */,
				D0FAE4412923FD2200CD2206 /* MyPage.swift */,
				D077FBA4292525A1004E4363 /* QueueStatus.swift */,
				D0BB7F93292612EF009B9DC8 /* QueueSearchResult.swift */,
			);
			name = Model;
			sourceTree = "<group>";
		};
		D0C99793291BFADB006C41B4 /* Nickname */ = {
			isa = PBXGroup;
			children = (
				D0D2D3AF291E7738007FA615 /* EnterNicknameViewModel.swift */,
				D0C99791291BFAC1006C41B4 /* EnterNicknameViewController.swift */,
			);
			path = Nickname;
			sourceTree = "<group>";
		};
		D0C99796291C0C07006C41B4 /* Email */ = {
			isa = PBXGroup;
			children = (
				D082A9FE291EAC1A002A6D09 /* EnterEmailViewModel.swift */,
				D0D8EF58291CEAD100F9BC22 /* EnterEmailViewController.swift */,
			);
			path = Email;
			sourceTree = "<group>";
		};
		D0C99797291C0C0A006C41B4 /* BirthDay */ = {
			isa = PBXGroup;
			children = (
				D0D2D3B1291E7BCB007FA615 /* EnterBirthDayViewModel.swift */,
				D0C99799291C0CBC006C41B4 /* EnterBirthDayViewController.swift */,
				D0C9979B291C0CD1006C41B4 /* EnterBirthDayView.swift */,
			);
			path = BirthDay;
			sourceTree = "<group>";
		};
		D0C99798291C0C0C006C41B4 /* Gender */ = {
			isa = PBXGroup;
			children = (
				D082AA00291EB4F4002A6D09 /* EnterGenderViewModel.swift */,
				D0D8EF5A291CEFE000F9BC22 /* EnterGenderViewController.swift */,
				D0D8EF5C291CF17100F9BC22 /* EnterGenderView.swift */,
			);
			path = Gender;
			sourceTree = "<group>";
		};
		D0D2D3A4291E2712007FA615 /* Main */ = {
			isa = PBXGroup;
			children = (
				D0D2D3A8291E27EA007FA615 /* MainTabBarController.swift */,
				D0ADF4D329220AAD00C5027D /* ReusableView */,
				D0D2D3A5291E271B007FA615 /* HomeView */,
				D0ADF4C42921FB6700C5027D /* SettingView */,
			);
			path = Main;
			sourceTree = "<group>";
		};
		D0D2D3A5291E271B007FA615 /* HomeView */ = {
			isa = PBXGroup;
			children = (
				D077FBA229252368004E4363 /* HomeViewModel.swift */,
				D0D2D3A6291E273D007FA615 /* HomeViewController.swift */,
				D0ADF4C72921FC1F00C5027D /* HomeView.swift */,
			);
			path = HomeView;
			sourceTree = "<group>";
		};
		D0D2D3AA291E35E6007FA615 /* LaunchScreen */ = {
			isa = PBXGroup;
			children = (
				D0D2D3AB291E35F8007FA615 /* LaunchScreenViewController.swift */,
				D0D2D3AD291E35FC007FA615 /* LaunchScreenView.swift */,
				D02335662918D5D6003C7225 /* Onboarding */,
			);
			path = LaunchScreen;
			sourceTree = "<group>";
		};
		D0DEEFF4291A5AE500BE125E /* EnterPhoneNumberView */ = {
			isa = PBXGroup;
			children = (
				D0DEEFFA291A65B700BE125E /* EnterPhoneNumberViewModel.swift */,
				D0DEEFF6291A5B5600BE125E /* EnterPhoneNumberViewController.swift */,
			);
			path = EnterPhoneNumberView;
			sourceTree = "<group>";
		};
		D0DEEFF5291A5AFE00BE125E /* VerifyAuthNumberView */ = {
			isa = PBXGroup;
			children = (
				D0FE194D291B6B6500A05179 /* VerifyAuthNumberViewModel.swift */,
				D0C74E32291AC51D008B3863 /* VerifyAuthNumberViewController.swift */,
				D0C74E34291AC539008B3863 /* VerifyAuthNumberView.swift */,
			);
			path = VerifyAuthNumberView;
			sourceTree = "<group>";
		};
		D0DFFDD4291A40B500967C1A /* InitialView */ = {
			isa = PBXGroup;
			children = (
				D0DFFDD6291A40C600967C1A /* ReusableView */,
				D0E2E1FE291A1E7C00D49E0F /* LoginView */,
				D0DFFDD5291A40BF00967C1A /* SignUpView */,
			);
			path = InitialView;
			sourceTree = "<group>";
		};
		D0DFFDD5291A40BF00967C1A /* SignUpView */ = {
			isa = PBXGroup;
			children = (
				D05F2E2B2920FF43003F13DC /* SignUpModel.swift */,
				D0C99793291BFADB006C41B4 /* Nickname */,
				D0C99797291C0C0A006C41B4 /* BirthDay */,
				D0C99796291C0C07006C41B4 /* Email */,
				D0C99798291C0C0C006C41B4 /* Gender */,
			);
			path = SignUpView;
			sourceTree = "<group>";
		};
		D0DFFDD6291A40C600967C1A /* ReusableView */ = {
			isa = PBXGroup;
			children = (
				D0DEEFF2291A533F00BE125E /* TextStackView.swift */,
				D0DFFDD7291A40EF00967C1A /* ReusableInitialView.swift */,
				D0D8EF54291CD06E00F9BC22 /* ReusableTextField.swift */,
				D0D8EF56291CD4C400F9BC22 /* ReusableDateTextField.swift */,
				D0DEEFF8291A5DAC00BE125E /* ReusableViewWithTextField.swift */,
			);
			name = ReusableView;
			sourceTree = "<group>";
		};
		D0E2E1FE291A1E7C00D49E0F /* LoginView */ = {
			isa = PBXGroup;
			children = (
				D0DEEFF4291A5AE500BE125E /* EnterPhoneNumberView */,
				D0DEEFF5291A5AFE00BE125E /* VerifyAuthNumberView */,
			);
			path = LoginView;
			sourceTree = "<group>";
		};
/* End PBXGroup section */

/* Begin PBXNativeTarget section */
		D0100B412918C5CC00AEC5C2 /* SeSacStudy */ = {
			isa = PBXNativeTarget;
			buildConfigurationList = D0100B562918C5CC00AEC5C2 /* Build configuration list for PBXNativeTarget "SeSacStudy" */;
			buildPhases = (
				53536E43A745CE5663A9B4E3 /* [CP] Check Pods Manifest.lock */,
				D0107394291940A5004450FF /* Run Script */,
				D0100B3E2918C5CC00AEC5C2 /* Sources */,
				D0100B3F2918C5CC00AEC5C2 /* Frameworks */,
				D0100B402918C5CC00AEC5C2 /* Resources */,
				BE3B407196A27CC1CEA8113B /* [CP] Embed Pods Frameworks */,
			);
			buildRules = (
			);
			dependencies = (
			);
			name = SeSacStudy;
			packageProductDependencies = (
				D0100B5C2918CA7D00AEC5C2 /* RxCocoa */,
				D0100B5E2918CA7D00AEC5C2 /* RxSwift */,
				D0100B612918CA9100AEC5C2 /* Then */,
				D0100B682918CB0800AEC5C2 /* IQKeyboardManagerSwift */,
				D0100B6B2918CB1300AEC5C2 /* SnapKit */,
				D0100B6E2918CB3500AEC5C2 /* Alamofire */,
				D084E23C291D2D78005EFF11 /* FirebaseAuth */,
				D084E23E291D2D78005EFF11 /* FirebaseMessaging */,
				D0FAE4392923B89000CD2206 /* MultiSlider */,
			);
			productName = SeSacStudy;
			productReference = D0100B422918C5CC00AEC5C2 /* SeSacStudy.app */;
			productType = "com.apple.product-type.application";
		};
/* End PBXNativeTarget section */

/* Begin PBXProject section */
		D0100B3A2918C5CC00AEC5C2 /* Project object */ = {
			isa = PBXProject;
			attributes = {
				BuildIndependentTargetsInParallel = 1;
				LastSwiftUpdateCheck = 1410;
				LastUpgradeCheck = 1410;
				TargetAttributes = {
					D0100B412918C5CC00AEC5C2 = {
						CreatedOnToolsVersion = 14.1;
					};
				};
			};
			buildConfigurationList = D0100B3D2918C5CC00AEC5C2 /* Build configuration list for PBXProject "SeSacStudy" */;
			compatibilityVersion = "Xcode 14.0";
			developmentRegion = en;
			hasScannedForEncodings = 0;
			knownRegions = (
				en,
				Base,
			);
			mainGroup = D0100B392918C5CC00AEC5C2;
			packageReferences = (
				D0100B5B2918CA7D00AEC5C2 /* XCRemoteSwiftPackageReference "RxSwift" */,
				D0100B602918CA9100AEC5C2 /* XCRemoteSwiftPackageReference "Then" */,
				D0100B672918CB0800AEC5C2 /* XCRemoteSwiftPackageReference "IQKeyboardManager" */,
				D0100B6A2918CB1300AEC5C2 /* XCRemoteSwiftPackageReference "SnapKit" */,
				D0100B6D2918CB3500AEC5C2 /* XCRemoteSwiftPackageReference "Alamofire" */,
				D084E23B291D2D78005EFF11 /* XCRemoteSwiftPackageReference "firebase-ios-sdk" */,
				D0FAE4382923B89000CD2206 /* XCRemoteSwiftPackageReference "MultiSlider" */,
			);
			productRefGroup = D0100B432918C5CC00AEC5C2 /* Products */;
			projectDirPath = "";
			projectRoot = "";
			targets = (
				D0100B412918C5CC00AEC5C2 /* SeSacStudy */,
			);
		};
/* End PBXProject section */

/* Begin PBXResourcesBuildPhase section */
		D0100B402918C5CC00AEC5C2 /* Resources */ = {
			isa = PBXResourcesBuildPhase;
			buildActionMask = 2147483647;
			files = (
				D0100B522918C5CC00AEC5C2 /* LaunchScreen.storyboard in Resources */,
				D07BE84D2918DF3C00020487 /* NotoSansCJKkr-Regular.otf in Resources */,
				D07BE8452918DCFC00020487 /* .gitignore in Resources */,
				D0100B4F2918C5CC00AEC5C2 /* Assets.xcassets in Resources */,
				D07BE84E2918DF3C00020487 /* NotoSansCJKkr-Medium.otf in Resources */,
				D0C99790291BEB6F006C41B4 /* GoogleService-Info.plist in Resources */,
			);
			runOnlyForDeploymentPostprocessing = 0;
		};
/* End PBXResourcesBuildPhase section */

/* Begin PBXShellScriptBuildPhase section */
		53536E43A745CE5663A9B4E3 /* [CP] Check Pods Manifest.lock */ = {
			isa = PBXShellScriptBuildPhase;
			buildActionMask = 2147483647;
			files = (
			);
			inputFileListPaths = (
			);
			inputPaths = (
				"${PODS_PODFILE_DIR_PATH}/Podfile.lock",
				"${PODS_ROOT}/Manifest.lock",
			);
			name = "[CP] Check Pods Manifest.lock";
			outputFileListPaths = (
			);
			outputPaths = (
				"$(DERIVED_FILE_DIR)/Pods-SeSacStudy-checkManifestLockResult.txt",
			);
			runOnlyForDeploymentPostprocessing = 0;
			shellPath = /bin/sh;
			shellScript = "diff \"${PODS_PODFILE_DIR_PATH}/Podfile.lock\" \"${PODS_ROOT}/Manifest.lock\" > /dev/null\nif [ $? != 0 ] ; then\n    # print error to STDERR\n    echo \"error: The sandbox is not in sync with the Podfile.lock. Run 'pod install' or update your CocoaPods installation.\" >&2\n    exit 1\nfi\n# This output is used by Xcode 'outputs' to avoid re-running this script phase.\necho \"SUCCESS\" > \"${SCRIPT_OUTPUT_FILE_0}\"\n";
			showEnvVarsInLog = 0;
		};
		BE3B407196A27CC1CEA8113B /* [CP] Embed Pods Frameworks */ = {
			isa = PBXShellScriptBuildPhase;
			buildActionMask = 2147483647;
			files = (
			);
			inputFileListPaths = (
				"${PODS_ROOT}/Target Support Files/Pods-SeSacStudy/Pods-SeSacStudy-frameworks-${CONFIGURATION}-input-files.xcfilelist",
			);
			name = "[CP] Embed Pods Frameworks";
			outputFileListPaths = (
				"${PODS_ROOT}/Target Support Files/Pods-SeSacStudy/Pods-SeSacStudy-frameworks-${CONFIGURATION}-output-files.xcfilelist",
			);
			runOnlyForDeploymentPostprocessing = 0;
			shellPath = /bin/sh;
			shellScript = "\"${PODS_ROOT}/Target Support Files/Pods-SeSacStudy/Pods-SeSacStudy-frameworks.sh\"\n";
			showEnvVarsInLog = 0;
		};
		D0107394291940A5004450FF /* Run Script */ = {
			isa = PBXShellScriptBuildPhase;
			alwaysOutOfDate = 1;
			buildActionMask = 2147483647;
			files = (
			);
			inputFileListPaths = (
			);
			inputPaths = (
			);
			name = "Run Script";
			outputFileListPaths = (
			);
			outputPaths = (
				$SRCROOT/R.generated.swift,
			);
			runOnlyForDeploymentPostprocessing = 0;
			shellPath = /bin/sh;
			shellScript = "\"$PODS_ROOT/R.swift/rswift\" generate \"$SRCROOT/R.generated.swift\"\n";
		};
/* End PBXShellScriptBuildPhase section */

/* Begin PBXSourcesBuildPhase section */
		D0100B3E2918C5CC00AEC5C2 /* Sources */ = {
			isa = PBXSourcesBuildPhase;
			buildActionMask = 2147483647;
			files = (
				D0FAE43C2923E1B200CD2206 /* UserInfoManager.swift in Sources */,
				D0DFFDD8291A40EF00967C1A /* ReusableInitialView.swift in Sources */,
				D01D38872923870200D7F577 /* FrequentStudyView.swift in Sources */,
				D0AE10102924D25F0057AADE /* CustomAlertView.swift in Sources */,
				D0D2D3AE291E35FC007FA615 /* LaunchScreenView.swift in Sources */,
				D0C9978E291BDD8F006C41B4 /* Login.swift in Sources */,
				D0D2D3A9291E27EA007FA615 /* MainTabBarController.swift in Sources */,
				D07BE8542918E3F600020487 /* OnboardingViewController.swift in Sources */,
				D07BE8502918DF7900020487 /* NotoSansCJK.swift in Sources */,
				D082A9FF291EAC1A002A6D09 /* EnterEmailViewModel.swift in Sources */,
				D0E2E1FD291A070C00D49E0F /* Onboarding.swift in Sources */,
				D0C99792291BFAC1006C41B4 /* EnterNicknameViewController.swift in Sources */,
				D0800A37292288F8006EF576 /* SeSacReviewView.swift in Sources */,
				D0ADF4C12921EEE300C5027D /* NetworkMonitor.swift in Sources */,
				D0C9978B291BD8A9006C41B4 /* APIService.swift in Sources */,
				D0D2D3A7291E273D007FA615 /* HomeViewController.swift in Sources */,
				D077FBA5292525A1004E4363 /* QueueStatus.swift in Sources */,
				D0ADF4D929220B5A00C5027D /* ProfileViewModel.swift in Sources */,
				D0ADF4CB2921FF2300C5027D /* SettingTableViewCell.swift in Sources */,
				D0165F11291B82BE00BBE042 /* FirebaseAuthManager.swift in Sources */,
				D0DEEFF9291A5DAC00BE125E /* ReusableViewWithTextField.swift in Sources */,
				D07BE8582918F02F00020487 /* UICollectionViewLayout+Extension.swift in Sources */,
				D0FAE4422923FD2200CD2206 /* MyPage.swift in Sources */,
				D07BE85A2918F90600020487 /* OnboardingCollectionViewCell.swift in Sources */,
				D01D3885292386A900D7F577 /* MyGenderView.swift in Sources */,
				D082AA01291EB4F4002A6D09 /* EnterGenderViewModel.swift in Sources */,
				D0800A3329226C24006EF576 /* ProfileBackgroundImageView.swift in Sources */,
				D0AE100B2924CF6D0057AADE /* CustomAlertViewController.swift in Sources */,
				D0BB7F94292612EF009B9DC8 /* QueueSearchResult.swift in Sources */,
				D0C99789291BD13A006C41B4 /* Router.swift in Sources */,
				D0672BC029229E8A00234FE8 /* ProfileNicknameView.swift in Sources */,
				D0C7628829211734008F206C /* Encodable+Extension.swift in Sources */,
				D0800A3529226D3C006EF576 /* SeSacTitleStackView.swift in Sources */,
				D02335652918D597003C7225 /* UserDefaultManager.swift in Sources */,
				D0ADF4D729220B0200C5027D /* ProfileView.swift in Sources */,
				D0FE194E291B6B6500A05179 /* VerifyAuthNumberViewModel.swift in Sources */,
				D0ADF4C62921FB7800C5027D /* SettingView.swift in Sources */,
				D0D8EF5D291CF17100F9BC22 /* EnterGenderView.swift in Sources */,
				D0DEEFFB291A65B700BE125E /* EnterPhoneNumberViewModel.swift in Sources */,
				D01D388D2923887C00D7F577 /* WithdrawalView.swift in Sources */,
				D0ADF4C32921FB3F00C5027D /* SettingViewController.swift in Sources */,
				D07BE8522918E12D00020487 /* FontStyle.swift in Sources */,
				D0ADF4CF2922063C00C5027D /* ProfileSettingTableViewCell.swift in Sources */,
				D0C9979A291C0CBC006C41B4 /* EnterBirthDayViewController.swift in Sources */,
				D0C74E33291AC51D008B3863 /* VerifyAuthNumberViewController.swift in Sources */,
				D03BD00F291962D500F79915 /* R.generated.swift in Sources */,
				D0ADF4C82921FC1F00C5027D /* HomeView.swift in Sources */,
				D07BE85C2918FA3E00020487 /* BaseCollectionViewCell.swift in Sources */,
				D0D2D3B2291E7BCB007FA615 /* EnterBirthDayViewModel.swift in Sources */,
				D084E23A291D2796005EFF11 /* SignUp.swift in Sources */,
				D0ADF4CD2921FF8200C5027D /* BaseTableViewCell.swift in Sources */,
				D0D2D3AC291E35F8007FA615 /* LaunchScreenViewController.swift in Sources */,
				D0DEEFFD291A733300BE125E /* CommonViewModel.swift in Sources */,
				D0C9979C291C0CD1006C41B4 /* EnterBirthDayView.swift in Sources */,
				D01D38892923882F00D7F577 /* NumberSearchAvailabilityView.swift in Sources */,
				D023356D2918D752003C7225 /* BasicButton.swift in Sources */,
				D0100B462918C5CC00AEC5C2 /* AppDelegate.swift in Sources */,
				D0800A39292291CB006EF576 /* ProfileImageTableViewHeader.swift in Sources */,
				D0ADF4D529220AFC00C5027D /* ProfileViewController.swift in Sources */,
				D0100B482918C5CC00AEC5C2 /* SceneDelegate.swift in Sources */,
				D0FAE4402923EFF400CD2206 /* DateFormatterManager.swift in Sources */,
				D0DEEFF7291A5B5600BE125E /* EnterPhoneNumberViewController.swift in Sources */,
				D05F2E2C2920FF43003F13DC /* SignUpModel.swift in Sources */,
				D01D388B2923885000D7F577 /* SearchAgeGroupView.swift in Sources */,
				D02335682918D631003C7225 /* BaseViewController.swift in Sources */,
				D077FBA329252368004E4363 /* HomeViewModel.swift in Sources */,
				D023355E2918CE6C003C7225 /* UIColor+Extension.swift in Sources */,
				D07BE8432918DAFB00020487 /* UIFont+Extension.swift in Sources */,
				D0800A3B29229312006EF576 /* ProfileExpandableTableViewCell.swift in Sources */,
				D023356A2918D652003C7225 /* BaseView.swift in Sources */,
				D0AE100D2924D2160057AADE /* CustomAlertDelegate.swift in Sources */,
				D0DEEFF3291A533F00BE125E /* TextStackView.swift in Sources */,
				D0D2D3B0291E7738007FA615 /* EnterNicknameViewModel.swift in Sources */,
				D0E2E200291A219E00D49E0F /* UIViewController+Extension.swift in Sources */,
				D01D387E292370F700D7F577 /* SettingUserInfoTableViewCell.swift in Sources */,
				D0D8EF5B291CEFE000F9BC22 /* EnterGenderViewController.swift in Sources */,
				D0D8EF55291CD06E00F9BC22 /* ReusableTextField.swift in Sources */,
				D0C74E35291AC539008B3863 /* VerifyAuthNumberView.swift in Sources */,
				D01D388029237BE600D7F577 /* WishStudyListView.swift in Sources */,
				D03BD00D29194C5400F79915 /* NSAttributedString+Extension.swift in Sources */,
				D01D38822923837400D7F577 /* CollectionviewProtocol.swift in Sources */,
				D07BE8562918E40A00020487 /* OnboardingView.swift in Sources */,
				D0D8EF59291CEAD100F9BC22 /* EnterEmailViewController.swift in Sources */,
				D0D8EF57291CD4C400F9BC22 /* ReusableDateTextField.swift in Sources */,
			);
			runOnlyForDeploymentPostprocessing = 0;
		};
/* End PBXSourcesBuildPhase section */

/* Begin PBXVariantGroup section */
		D0100B502918C5CC00AEC5C2 /* LaunchScreen.storyboard */ = {
			isa = PBXVariantGroup;
			children = (
				D0100B512918C5CC00AEC5C2 /* Base */,
			);
			name = LaunchScreen.storyboard;
			sourceTree = "<group>";
		};
/* End PBXVariantGroup section */

/* Begin XCBuildConfiguration section */
		D0100B542918C5CC00AEC5C2 /* Debug */ = {
			isa = XCBuildConfiguration;
			buildSettings = {
				ALWAYS_SEARCH_USER_PATHS = NO;
				CLANG_ANALYZER_NONNULL = YES;
				CLANG_ANALYZER_NUMBER_OBJECT_CONVERSION = YES_AGGRESSIVE;
				CLANG_CXX_LANGUAGE_STANDARD = "gnu++20";
				CLANG_ENABLE_MODULES = YES;
				CLANG_ENABLE_OBJC_ARC = YES;
				CLANG_ENABLE_OBJC_WEAK = YES;
				CLANG_WARN_BLOCK_CAPTURE_AUTORELEASING = YES;
				CLANG_WARN_BOOL_CONVERSION = YES;
				CLANG_WARN_COMMA = YES;
				CLANG_WARN_CONSTANT_CONVERSION = YES;
				CLANG_WARN_DEPRECATED_OBJC_IMPLEMENTATIONS = YES;
				CLANG_WARN_DIRECT_OBJC_ISA_USAGE = YES_ERROR;
				CLANG_WARN_DOCUMENTATION_COMMENTS = YES;
				CLANG_WARN_EMPTY_BODY = YES;
				CLANG_WARN_ENUM_CONVERSION = YES;
				CLANG_WARN_INFINITE_RECURSION = YES;
				CLANG_WARN_INT_CONVERSION = YES;
				CLANG_WARN_NON_LITERAL_NULL_CONVERSION = YES;
				CLANG_WARN_OBJC_IMPLICIT_RETAIN_SELF = YES;
				CLANG_WARN_OBJC_LITERAL_CONVERSION = YES;
				CLANG_WARN_OBJC_ROOT_CLASS = YES_ERROR;
				CLANG_WARN_QUOTED_INCLUDE_IN_FRAMEWORK_HEADER = YES;
				CLANG_WARN_RANGE_LOOP_ANALYSIS = YES;
				CLANG_WARN_STRICT_PROTOTYPES = YES;
				CLANG_WARN_SUSPICIOUS_MOVE = YES;
				CLANG_WARN_UNGUARDED_AVAILABILITY = YES_AGGRESSIVE;
				CLANG_WARN_UNREACHABLE_CODE = YES;
				CLANG_WARN__DUPLICATE_METHOD_MATCH = YES;
				COPY_PHASE_STRIP = NO;
				DEBUG_INFORMATION_FORMAT = dwarf;
				ENABLE_STRICT_OBJC_MSGSEND = YES;
				ENABLE_TESTABILITY = YES;
				GCC_C_LANGUAGE_STANDARD = gnu11;
				GCC_DYNAMIC_NO_PIC = NO;
				GCC_NO_COMMON_BLOCKS = YES;
				GCC_OPTIMIZATION_LEVEL = 0;
				GCC_PREPROCESSOR_DEFINITIONS = (
					"DEBUG=1",
					"$(inherited)",
				);
				GCC_WARN_64_TO_32_BIT_CONVERSION = YES;
				GCC_WARN_ABOUT_RETURN_TYPE = YES_ERROR;
				GCC_WARN_UNDECLARED_SELECTOR = YES;
				GCC_WARN_UNINITIALIZED_AUTOS = YES_AGGRESSIVE;
				GCC_WARN_UNUSED_FUNCTION = YES;
				GCC_WARN_UNUSED_VARIABLE = YES;
				IPHONEOS_DEPLOYMENT_TARGET = 16.1;
				MTL_ENABLE_DEBUG_INFO = INCLUDE_SOURCE;
				MTL_FAST_MATH = YES;
				ONLY_ACTIVE_ARCH = YES;
				SDKROOT = iphoneos;
				SWIFT_ACTIVE_COMPILATION_CONDITIONS = DEBUG;
				SWIFT_OPTIMIZATION_LEVEL = "-Onone";
			};
			name = Debug;
		};
		D0100B552918C5CC00AEC5C2 /* Release */ = {
			isa = XCBuildConfiguration;
			buildSettings = {
				ALWAYS_SEARCH_USER_PATHS = NO;
				CLANG_ANALYZER_NONNULL = YES;
				CLANG_ANALYZER_NUMBER_OBJECT_CONVERSION = YES_AGGRESSIVE;
				CLANG_CXX_LANGUAGE_STANDARD = "gnu++20";
				CLANG_ENABLE_MODULES = YES;
				CLANG_ENABLE_OBJC_ARC = YES;
				CLANG_ENABLE_OBJC_WEAK = YES;
				CLANG_WARN_BLOCK_CAPTURE_AUTORELEASING = YES;
				CLANG_WARN_BOOL_CONVERSION = YES;
				CLANG_WARN_COMMA = YES;
				CLANG_WARN_CONSTANT_CONVERSION = YES;
				CLANG_WARN_DEPRECATED_OBJC_IMPLEMENTATIONS = YES;
				CLANG_WARN_DIRECT_OBJC_ISA_USAGE = YES_ERROR;
				CLANG_WARN_DOCUMENTATION_COMMENTS = YES;
				CLANG_WARN_EMPTY_BODY = YES;
				CLANG_WARN_ENUM_CONVERSION = YES;
				CLANG_WARN_INFINITE_RECURSION = YES;
				CLANG_WARN_INT_CONVERSION = YES;
				CLANG_WARN_NON_LITERAL_NULL_CONVERSION = YES;
				CLANG_WARN_OBJC_IMPLICIT_RETAIN_SELF = YES;
				CLANG_WARN_OBJC_LITERAL_CONVERSION = YES;
				CLANG_WARN_OBJC_ROOT_CLASS = YES_ERROR;
				CLANG_WARN_QUOTED_INCLUDE_IN_FRAMEWORK_HEADER = YES;
				CLANG_WARN_RANGE_LOOP_ANALYSIS = YES;
				CLANG_WARN_STRICT_PROTOTYPES = YES;
				CLANG_WARN_SUSPICIOUS_MOVE = YES;
				CLANG_WARN_UNGUARDED_AVAILABILITY = YES_AGGRESSIVE;
				CLANG_WARN_UNREACHABLE_CODE = YES;
				CLANG_WARN__DUPLICATE_METHOD_MATCH = YES;
				COPY_PHASE_STRIP = NO;
				DEBUG_INFORMATION_FORMAT = "dwarf-with-dsym";
				ENABLE_NS_ASSERTIONS = NO;
				ENABLE_STRICT_OBJC_MSGSEND = YES;
				GCC_C_LANGUAGE_STANDARD = gnu11;
				GCC_NO_COMMON_BLOCKS = YES;
				GCC_WARN_64_TO_32_BIT_CONVERSION = YES;
				GCC_WARN_ABOUT_RETURN_TYPE = YES_ERROR;
				GCC_WARN_UNDECLARED_SELECTOR = YES;
				GCC_WARN_UNINITIALIZED_AUTOS = YES_AGGRESSIVE;
				GCC_WARN_UNUSED_FUNCTION = YES;
				GCC_WARN_UNUSED_VARIABLE = YES;
				IPHONEOS_DEPLOYMENT_TARGET = 16.1;
				MTL_ENABLE_DEBUG_INFO = NO;
				MTL_FAST_MATH = YES;
				SDKROOT = iphoneos;
				SWIFT_COMPILATION_MODE = wholemodule;
				SWIFT_OPTIMIZATION_LEVEL = "-O";
				VALIDATE_PRODUCT = YES;
			};
			name = Release;
		};
		D0100B572918C5CC00AEC5C2 /* Debug */ = {
			isa = XCBuildConfiguration;
			baseConfigurationReference = C9F727FA6385471DB50F92AB /* Pods-SeSacStudy.debug.xcconfig */;
			buildSettings = {
				ASSETCATALOG_COMPILER_APPICON_NAME = AppIcon;
				ASSETCATALOG_COMPILER_GLOBAL_ACCENT_COLOR_NAME = AccentColor;
				CODE_SIGN_ENTITLEMENTS = SeSacStudy/SeSacStudy.entitlements;
				CODE_SIGN_STYLE = Automatic;
				CURRENT_PROJECT_VERSION = 1;
				DEVELOPMENT_TEAM = PW2RLJT734;
				GENERATE_INFOPLIST_FILE = YES;
				INFOPLIST_FILE = SeSacStudy/Info.plist;
				INFOPLIST_KEY_NSLocationWhenInUseUsageDescription = "사용자 위치 기반으로 주변의 사용자를 검색하기 위해 위치 권한이 필요합니다.";
				INFOPLIST_KEY_UIApplicationSupportsIndirectInputEvents = YES;
				INFOPLIST_KEY_UILaunchStoryboardName = LaunchScreen.storyboard;
				INFOPLIST_KEY_UISupportedInterfaceOrientations = UIInterfaceOrientationPortrait;
				INFOPLIST_KEY_UISupportedInterfaceOrientations_iPad = "UIInterfaceOrientationLandscapeLeft UIInterfaceOrientationLandscapeRight UIInterfaceOrientationPortrait UIInterfaceOrientationPortraitUpsideDown";
				INFOPLIST_KEY_UIUserInterfaceStyle = Light;
				IPHONEOS_DEPLOYMENT_TARGET = 15.0;
				LD_RUNPATH_SEARCH_PATHS = (
					"$(inherited)",
					"@executable_path/Frameworks",
				);
				MARKETING_VERSION = 1.0;
				PRODUCT_BUNDLE_IDENTIFIER = com.memolease.sesacslp;
				PRODUCT_NAME = "$(TARGET_NAME)";
				SUPPORTED_PLATFORMS = "iphoneos iphonesimulator";
				SUPPORTS_MACCATALYST = NO;
				SUPPORTS_MAC_DESIGNED_FOR_IPHONE_IPAD = YES;
				SWIFT_EMIT_LOC_STRINGS = YES;
				SWIFT_VERSION = 5.0;
				TARGETED_DEVICE_FAMILY = 1;
			};
			name = Debug;
		};
		D0100B582918C5CC00AEC5C2 /* Release */ = {
			isa = XCBuildConfiguration;
			baseConfigurationReference = A461A4FC7A81E0321E5DADF2 /* Pods-SeSacStudy.release.xcconfig */;
			buildSettings = {
				ASSETCATALOG_COMPILER_APPICON_NAME = AppIcon;
				ASSETCATALOG_COMPILER_GLOBAL_ACCENT_COLOR_NAME = AccentColor;
				CODE_SIGN_ENTITLEMENTS = SeSacStudy/SeSacStudy.entitlements;
				CODE_SIGN_STYLE = Automatic;
				CURRENT_PROJECT_VERSION = 1;
				DEVELOPMENT_TEAM = PW2RLJT734;
				GENERATE_INFOPLIST_FILE = YES;
				INFOPLIST_FILE = SeSacStudy/Info.plist;
				INFOPLIST_KEY_NSLocationWhenInUseUsageDescription = "사용자 위치 기반으로 주변의 사용자를 검색하기 위해 위치 권한이 필요합니다.";
				INFOPLIST_KEY_UIApplicationSupportsIndirectInputEvents = YES;
				INFOPLIST_KEY_UILaunchStoryboardName = LaunchScreen.storyboard;
				INFOPLIST_KEY_UISupportedInterfaceOrientations = UIInterfaceOrientationPortrait;
				INFOPLIST_KEY_UISupportedInterfaceOrientations_iPad = "UIInterfaceOrientationLandscapeLeft UIInterfaceOrientationLandscapeRight UIInterfaceOrientationPortrait UIInterfaceOrientationPortraitUpsideDown";
				INFOPLIST_KEY_UIUserInterfaceStyle = Light;
				IPHONEOS_DEPLOYMENT_TARGET = 15.0;
				LD_RUNPATH_SEARCH_PATHS = (
					"$(inherited)",
					"@executable_path/Frameworks",
				);
				MARKETING_VERSION = 1.0;
				PRODUCT_BUNDLE_IDENTIFIER = com.memolease.sesacslp;
				PRODUCT_NAME = "$(TARGET_NAME)";
				SUPPORTED_PLATFORMS = "iphoneos iphonesimulator";
				SUPPORTS_MACCATALYST = NO;
				SUPPORTS_MAC_DESIGNED_FOR_IPHONE_IPAD = YES;
				SWIFT_EMIT_LOC_STRINGS = YES;
				SWIFT_VERSION = 5.0;
				TARGETED_DEVICE_FAMILY = 1;
			};
			name = Release;
		};
/* End XCBuildConfiguration section */

/* Begin XCConfigurationList section */
		D0100B3D2918C5CC00AEC5C2 /* Build configuration list for PBXProject "SeSacStudy" */ = {
			isa = XCConfigurationList;
			buildConfigurations = (
				D0100B542918C5CC00AEC5C2 /* Debug */,
				D0100B552918C5CC00AEC5C2 /* Release */,
			);
			defaultConfigurationIsVisible = 0;
			defaultConfigurationName = Release;
		};
		D0100B562918C5CC00AEC5C2 /* Build configuration list for PBXNativeTarget "SeSacStudy" */ = {
			isa = XCConfigurationList;
			buildConfigurations = (
				D0100B572918C5CC00AEC5C2 /* Debug */,
				D0100B582918C5CC00AEC5C2 /* Release */,
			);
			defaultConfigurationIsVisible = 0;
			defaultConfigurationName = Release;
		};
/* End XCConfigurationList section */

/* Begin XCRemoteSwiftPackageReference section */
		D0100B5B2918CA7D00AEC5C2 /* XCRemoteSwiftPackageReference "RxSwift" */ = {
			isa = XCRemoteSwiftPackageReference;
			repositoryURL = "https://github.com/ReactiveX/RxSwift.git";
			requirement = {
				kind = upToNextMajorVersion;
				minimumVersion = 6.0.0;
			};
		};
		D0100B602918CA9100AEC5C2 /* XCRemoteSwiftPackageReference "Then" */ = {
			isa = XCRemoteSwiftPackageReference;
			repositoryURL = "https://github.com/devxoul/Then.git";
			requirement = {
				kind = upToNextMajorVersion;
				minimumVersion = 3.0.0;
			};
		};
		D0100B672918CB0800AEC5C2 /* XCRemoteSwiftPackageReference "IQKeyboardManager" */ = {
			isa = XCRemoteSwiftPackageReference;
			repositoryURL = "https://github.com/hackiftekhar/IQKeyboardManager.git";
			requirement = {
				kind = exactVersion;
				version = 6.5.0;
			};
		};
		D0100B6A2918CB1300AEC5C2 /* XCRemoteSwiftPackageReference "SnapKit" */ = {
			isa = XCRemoteSwiftPackageReference;
			repositoryURL = "https://github.com/SnapKit/SnapKit.git";
			requirement = {
				kind = upToNextMajorVersion;
				minimumVersion = 5.0.0;
			};
		};
		D0100B6D2918CB3500AEC5C2 /* XCRemoteSwiftPackageReference "Alamofire" */ = {
			isa = XCRemoteSwiftPackageReference;
			repositoryURL = "http://github.com/Alamofire/Alamofire";
			requirement = {
				kind = upToNextMajorVersion;
				minimumVersion = 5.0.0;
			};
		};
		D084E23B291D2D78005EFF11 /* XCRemoteSwiftPackageReference "firebase-ios-sdk" */ = {
			isa = XCRemoteSwiftPackageReference;
			repositoryURL = "https://github.com/firebase/firebase-ios-sdk";
			requirement = {
				kind = upToNextMajorVersion;
				minimumVersion = 9.0.0;
			};
		};
		D0FAE4382923B89000CD2206 /* XCRemoteSwiftPackageReference "MultiSlider" */ = {
			isa = XCRemoteSwiftPackageReference;
			repositoryURL = "https://github.com/yonat/MultiSlider.git";
			requirement = {
				kind = upToNextMajorVersion;
				minimumVersion = 1.0.0;
			};
		};
/* End XCRemoteSwiftPackageReference section */

/* Begin XCSwiftPackageProductDependency section */
		D0100B5C2918CA7D00AEC5C2 /* RxCocoa */ = {
			isa = XCSwiftPackageProductDependency;
			package = D0100B5B2918CA7D00AEC5C2 /* XCRemoteSwiftPackageReference "RxSwift" */;
			productName = RxCocoa;
		};
		D0100B5E2918CA7D00AEC5C2 /* RxSwift */ = {
			isa = XCSwiftPackageProductDependency;
			package = D0100B5B2918CA7D00AEC5C2 /* XCRemoteSwiftPackageReference "RxSwift" */;
			productName = RxSwift;
		};
		D0100B612918CA9100AEC5C2 /* Then */ = {
			isa = XCSwiftPackageProductDependency;
			package = D0100B602918CA9100AEC5C2 /* XCRemoteSwiftPackageReference "Then" */;
			productName = Then;
		};
		D0100B682918CB0800AEC5C2 /* IQKeyboardManagerSwift */ = {
			isa = XCSwiftPackageProductDependency;
			package = D0100B672918CB0800AEC5C2 /* XCRemoteSwiftPackageReference "IQKeyboardManager" */;
			productName = IQKeyboardManagerSwift;
		};
		D0100B6B2918CB1300AEC5C2 /* SnapKit */ = {
			isa = XCSwiftPackageProductDependency;
			package = D0100B6A2918CB1300AEC5C2 /* XCRemoteSwiftPackageReference "SnapKit" */;
			productName = SnapKit;
		};
		D0100B6E2918CB3500AEC5C2 /* Alamofire */ = {
			isa = XCSwiftPackageProductDependency;
			package = D0100B6D2918CB3500AEC5C2 /* XCRemoteSwiftPackageReference "Alamofire" */;
			productName = Alamofire;
		};
		D084E23C291D2D78005EFF11 /* FirebaseAuth */ = {
			isa = XCSwiftPackageProductDependency;
			package = D084E23B291D2D78005EFF11 /* XCRemoteSwiftPackageReference "firebase-ios-sdk" */;
			productName = FirebaseAuth;
		};
		D084E23E291D2D78005EFF11 /* FirebaseMessaging */ = {
			isa = XCSwiftPackageProductDependency;
			package = D084E23B291D2D78005EFF11 /* XCRemoteSwiftPackageReference "firebase-ios-sdk" */;
			productName = FirebaseMessaging;
		};
		D0FAE4392923B89000CD2206 /* MultiSlider */ = {
			isa = XCSwiftPackageProductDependency;
			package = D0FAE4382923B89000CD2206 /* XCRemoteSwiftPackageReference "MultiSlider" */;
			productName = MultiSlider;
		};
/* End XCSwiftPackageProductDependency section */
	};
	rootObject = D0100B3A2918C5CC00AEC5C2 /* Project object */;
}
